
Microsoft Visual Studio Solution File, Format Version 12.00
# Visual Studio Version 17
VisualStudioVersion = 17.11.35312.102
MinimumVisualStudioVersion = 10.0.40219.1
Project("{FAE04EC0-301F-11D3-BF4B-00C04F79EFBC}") = "PowerBI", "PowerBI.csproj", "{BEE0B5DA-9EA8-475D-851D-E22CF956E95C}"
EndProject
Project("{FAE04EC0-301F-11D3-BF4B-00C04F79EFBC}") = "Data", "..\Data\Data.csproj", "{701686B4-5BED-4938-A490-313DD06C18A9}"
EndProject
Global
	GlobalSection(SolutionConfigurationPlatforms) = preSolution
		Debug|Any CPU = Debug|Any CPU
		Release|Any CPU = Release|Any CPU
	EndGlobalSection
	GlobalSection(ProjectConfigurationPlatforms) = postSolution
		{BEE0B5DA-9EA8-475D-851D-E22CF956E95C}.Debug|Any CPU.ActiveCfg = Debug|Any CPU
		{BEE0B5DA-9EA8-475D-851D-E22CF956E95C}.Debug|Any CPU.Build.0 = Debug|Any CPU
		{BEE0B5DA-9EA8-475D-851D-E22CF956E95C}.Release|Any CPU.ActiveCfg = Release|Any CPU
		{BEE0B5DA-9EA8-475D-851D-E22CF956E95C}.Release|Any CPU.Build.0 = Release|Any CPU
		{701686B4-5BED-4938-A490-313DD06C18A9}.Debug|Any CPU.ActiveCfg = Debug|Any CPU
		{701686B4-5BED-4938-A490-313DD06C18A9}.Debug|Any CPU.Build.0 = Debug|Any CPU
		{701686B4-5BED-4938-A490-313DD06C18A9}.Release|Any CPU.ActiveCfg = Release|Any CPU
		{701686B4-5BED-4938-A490-313DD06C18A9}.Release|Any CPU.Build.0 = Release|Any CPU
	EndGlobalSection
	GlobalSection(SolutionProperties) = preSolution
		HideSolutionNode = FALSE
	EndGlobalSection
	GlobalSection(ExtensibilityGlobals) = postSolution
		SolutionGuid = {7D634B69-F9A4-423A-90EA-023C4A3F3609}
	EndGlobalSection
EndGlobal
